
Microsoft Visual Studio Solution File, Format Version 12.00
# Visual Studio Version 16
VisualStudioVersion = 16.0.30225.117
MinimumVisualStudioVersion = 10.0.40219.1
Project("{FAE04EC0-301F-11D3-BF4B-00C04F79EFBC}") = "inhertianceexample2", "inhertianceexample2.csproj", "{97945B30-C7E5-4F95-93EC-B0CF9FA3CA36}"
EndProject
Global
	GlobalSection(SolutionConfigurationPlatforms) = preSolution
		Debug|Any CPU = Debug|Any CPU
		Release|Any CPU = Release|Any CPU
	EndGlobalSection
	GlobalSection(ProjectConfigurationPlatforms) = postSolution
		{97945B30-C7E5-4F95-93EC-B0CF9FA3CA36}.Debug|Any CPU.ActiveCfg = Debug|Any CPU
		{97945B30-C7E5-4F95-93EC-B0CF9FA3CA36}.Debug|Any CPU.Build.0 = Debug|Any CPU
		{97945B30-C7E5-4F95-93EC-B0CF9FA3CA36}.Release|Any CPU.ActiveCfg = Release|Any CPU
		{97945B30-C7E5-4F95-93EC-B0CF9FA3CA36}.Release|Any CPU.Build.0 = Release|Any CPU
	EndGlobalSection
	GlobalSection(SolutionProperties) = preSolution
		HideSolutionNode = FALSE
	EndGlobalSection
	GlobalSection(ExtensibilityGlobals) = postSolution
		SolutionGuid = {F51611CF-1CD6-40D1-AFAB-897BB8D259A2}
	EndGlobalSection
EndGlobal
